{
  "originHash" : "a660386beefec6ece1df422ee6979c3d733c7561335c532b560940e84b2c3bcc",
  "pins" : [
    {
      "identity" : "app-health",
      "kind" : "remoteSourceControl",
      "location" : "https://github.com/sass-maker/app-health",
      "state" : {
        "revision" : "5f8ef9e65f2e799ac66dc5ee5931820392fdcc7e",
        "version" : "0.1.0"
      }
    },
    {
      "identity" : "sparkle",
      "kind" : "remoteSourceControl",
      "location" : "https://github.com/sparkle-project/Sparkle",
      "state" : {
        "revision" : "ac2def288cbff5cfc7df3ffef6abdf45b72bcb0a",
        "version" : "2.9.6"
      }
    },
    {
      "identity" : "ui-library",
      "kind" : "remoteSourceControl",
      "location" : "https://github.com/sass-maker/ui-library",
      "state" : {
        "revision" : "1c01ca58049ce7534117248e8dbd284bb5269e36",
        "version" : "0.1.17"
      }
    }
  ],
  "version" : 3
}
