{
  "originHash" : "961247c30311e26963beab9c918df3c79329e7ff57b595a11560566395aa0057",
  "pins" : [
    {
      "identity" : "app-health",
      "kind" : "remoteSourceControl",
      "location" : "https://github.com/sass-maker/app-health",
      "state" : {
        "revision" : "5f8ef9e65f2e799ac66dc5ee5931820392fdcc7e",
        "version" : "0.1.0"
      }
    },
    {
      "identity" : "sparkle",
      "kind" : "remoteSourceControl",
      "location" : "https://github.com/sparkle-project/Sparkle",
      "state" : {
        "revision" : "ac2def288cbff5cfc7df3ffef6abdf45b72bcb0a",
        "version" : "2.9.6"
      }
    }
  ],
  "version" : 3
}
